// !$*UTF8*$!
{
	archiveVersion = 1;
	classes = {
	};
	objectVersion = 50;
	objects = {

/* Begin PBXBuildFile section */
		BC57F40922E55F8200916833 /* AppDelegate.swift in Sources */ = {isa = PBXBuildFile; fileRef = BC57F40822E55F8200916833 /* AppDelegate.swift */; };
		BC57F40B22E55F8200916833 /* ViewController.swift in Sources */ = {isa = PBXBuildFile; fileRef = BC57F40A22E55F8200916833 /* ViewController.swift */; };
		BC57F40E22E55F8200916833 /* Main.storyboard in Resources */ = {isa = PBXBuildFile; fileRef = BC57F40C22E55F8200916833 /* Main.storyboard */; };
		BC57F41022E55F8200916833 /* Assets.xcassets in Resources */ = {isa = PBXBuildFile; fileRef = BC57F40F22E55F8200916833 /* Assets.xcassets */; };
		BC57F41322E55F8200916833 /* LaunchScreen.storyboard in Resources */ = {isa = PBXBuildFile; fileRef = BC57F41122E55F8200916833 /* LaunchScreen.storyboard */; };
		BC57F41E22E55F8300916833 /* RxSwiftDemo_masterTests.swift in Sources */ = {isa = PBXBuildFile; fileRef = BC57F41D22E55F8300916833 /* RxSwiftDemo_masterTests.swift */; };
		BC57F42922E55F8300916833 /* RxSwiftDemo_masterUITests.swift in Sources */ = {isa = PBXBuildFile; fileRef = BC57F42822E55F8300916833 /* RxSwiftDemo_masterUITests.swift */; };
/* End PBXBuildFile section */

/* Begin PBXContainerItemProxy section */
		BC57F41A22E55F8300916833 /* PBXContainerItemProxy */ = {
			isa = PBXContainerItemProxy;
			containerPortal = BC57F3FD22E55F8200916833 /* Project object */;
			proxyType = 1;
			remoteGlobalIDString = BC57F40422E55F8200916833;
			remoteInfo = RxSwiftDemo_master;
		};
		BC57F42522E55F8300916833 /* PBXContainerItemProxy */ = {
			isa = PBXContainerItemProxy;
			containerPortal = BC57F3FD22E55F8200916833 /* Project object */;
			proxyType = 1;
			remoteGlobalIDString = BC57F40422E55F8200916833;
			remoteInfo = RxSwiftDemo_master;
		};
/* End PBXContainerItemProxy section */

/* Begin PBXFileReference section */
		BC57F40522E55F8200916833 /* RxSwiftDemo_master.app */ = {isa = PBXFileReference; explicitFileType = wrapper.application; includeInIndex = 0; path = RxSwiftDemo_master.app; sourceTree = BUILT_PRODUCTS_DIR; };
		BC57F40822E55F8200916833 /* AppDelegate.swift */ = {isa = PBXFileReference; lastKnownFileType = sourcecode.swift; path = AppDelegate.swift; sourceTree = "<group>"; };
		BC57F40A22E55F8200916833 /* ViewController.swift */ = {isa = PBXFileReference; lastKnownFileType = sourcecode.swift; path = ViewController.swift; sourceTree = "<group>"; };
		BC57F40D22E55F8200916833 /* Base */ = {isa = PBXFileReference; lastKnownFileType = file.storyboard; name = Base; path = Base.lproj/Main.storyboard; sourceTree = "<group>"; };
		BC57F40F22E55F8200916833 /* Assets.xcassets */ = {isa = PBXFileReference; lastKnownFileType = folder.assetcatalog; path = Assets.xcassets; sourceTree = "<group>"; };
		BC57F41222E55F8200916833 /* Base */ = {isa = PBXFileReference; lastKnownFileType = file.storyboard; name = Base; path = Base.lproj/LaunchScreen.storyboard; sourceTree = "<group>"; };
		BC57F41422E55F8200916833 /* Info.plist */ = {isa = PBXFileReference; lastKnownFileType = text.plist.xml; path = Info.plist; sourceTree = "<group>"; };
		BC57F41922E55F8300916833 /* RxSwiftDemo_masterTests.xctest */ = {isa = PBXFileReference; explicitFileType = wrapper.cfbundle; includeInIndex = 0; path = RxSwiftDemo_masterTests.xctest; sourceTree = BUILT_PRODUCTS_DIR; };
		BC57F41D22E55F8300916833 /* RxSwiftDemo_masterTests.swift */ = {isa = PBXFileReference; lastKnownFileType = sourcecode.swift; path = RxSwiftDemo_masterTests.swift; sourceTree = "<group>"; };
		BC57F41F22E55F8300916833 /* Info.plist */ = {isa = PBXFileReference; lastKnownFileType = text.plist.xml; path = Info.plist; sourceTree = "<group>"; };
		BC57F42422E55F8300916833 /* RxSwiftDemo_masterUITests.xctest */ = {isa = PBXFileReference; explicitFileType = wrapper.cfbundle; includeInIndex = 0; path = RxSwiftDemo_masterUITests.xctest; sourceTree = BUILT_PRODUCTS_DIR; };
		BC57F42822E55F8300916833 /* RxSwiftDemo_masterUITests.swift */ = {isa = PBXFileReference; lastKnownFileType = sourcecode.swift; path = RxSwiftDemo_masterUITests.swift; sourceTree = "<group>"; };
		BC57F42A22E55F8300916833 /* Info.plist */ = {isa = PBXFileReference; lastKnownFileType = text.plist.xml; path = Info.plist; sourceTree = "<group>"; };
/* End PBXFileReference section */

/* Begin PBXFrameworksBuildPhase section */
		BC57F40222E55F8200916833 /* Frameworks */ = {
			isa = PBXFrameworksBuildPhase;
			buildActionMask = 2147483647;
			files = (
			);
			runOnlyForDeploymentPostprocessing = 0;
		};
		BC57F41622E55F8300916833 /* Frameworks */ = {
			isa = PBXFrameworksBuildPhase;
			buildActionMask = 2147483647;
			files = (
			);
			runOnlyForDeploymentPostprocessing = 0;
		};
		BC57F42122E55F8300916833 /* Frameworks */ = {
			isa = PBXFrameworksBuildPhase;
			buildActionMask = 2147483647;
			files = (
			);
			runOnlyForDeploymentPostprocessing = 0;
		};
/* End PBXFrameworksBuildPhase section */

/* Begin PBXGroup section */
		BC57F3FC22E55F8200916833 = {
			isa = PBXGroup;
			children = (
				BC57F40722E55F8200916833 /* RxSwiftDemo_master */,
				BC57F41C22E55F8300916833 /* RxSwiftDemo_masterTests */,
				BC57F42722E55F8300916833 /* RxSwiftDemo_masterUITests */,
				BC57F40622E55F8200916833 /* Products */,
			);
			sourceTree = "<group>";
		};
		BC57F40622E55F8200916833 /* Products */ = {
			isa = PBXGroup;
			children = (
				BC57F40522E55F8200916833 /* RxSwiftDemo_master.app */,
				BC57F41922E55F8300916833 /* RxSwiftDemo_masterTests.xctest */,
				BC57F42422E55F8300916833 /* RxSwiftDemo_masterUITests.xctest */,
			);
			name = Products;
			sourceTree = "<group>";
		};
		BC57F40722E55F8200916833 /* RxSwiftDemo_master */ = {
			isa = PBXGroup;
			children = (
				BC57F40822E55F8200916833 /* AppDelegate.swift */,
				BC57F40A22E55F8200916833 /* ViewController.swift */,
				BC57F40C22E55F8200916833 /* Main.storyboard */,
				BC57F40F22E55F8200916833 /* Assets.xcassets */,
				BC57F41122E55F8200916833 /* LaunchScreen.storyboard */,
				BC57F41422E55F8200916833 /* Info.plist */,
			);
			path = RxSwiftDemo_master;
			sourceTree = "<group>";
		};
		BC57F41C22E55F8300916833 /* RxSwiftDemo_masterTests */ = {
			isa = PBXGroup;
			children = (
				BC57F41D22E55F8300916833 /* RxSwiftDemo_masterTests.swift */,
				BC57F41F22E55F8300916833 /* Info.plist */,
			);
			path = RxSwiftDemo_masterTests;
			sourceTree = "<group>";
		};
		BC57F42722E55F8300916833 /* RxSwiftDemo_masterUITests */ = {
			isa = PBXGroup;
			children = (
				BC57F42822E55F8300916833 /* RxSwiftDemo_masterUITests.swift */,
				BC57F42A22E55F8300916833 /* Info.plist */,
			);
			path = RxSwiftDemo_masterUITests;
			sourceTree = "<group>";
		};
/* End PBXGroup section */

/* Begin PBXNativeTarget section */
		BC57F40422E55F8200916833 /* RxSwiftDemo_master */ = {
			isa = PBXNativeTarget;
			buildConfigurationList = BC57F42D22E55F8300916833 /* Build configuration list for PBXNativeTarget "RxSwiftDemo_master" */;
			buildPhases = (
				BC57F40122E55F8200916833 /* Sources */,
				BC57F40222E55F8200916833 /* Frameworks */,
				BC57F40322E55F8200916833 /* Resources */,
			);
			buildRules = (
			);
			dependencies = (
			);
			name = RxSwiftDemo_master;
			productName = RxSwiftDemo_master;
			productReference = BC57F40522E55F8200916833 /* RxSwiftDemo_master.app */;
			productType = "com.apple.product-type.application";
		};
		BC57F41822E55F8300916833 /* RxSwiftDemo_masterTests */ = {
			isa = PBXNativeTarget;
			buildConfigurationList = BC57F43022E55F8300916833 /* Build configuration list for PBXNativeTarget "RxSwiftDemo_masterTests" */;
			buildPhases = (
				BC57F41522E55F8300916833 /* Sources */,
				BC57F41622E55F8300916833 /* Frameworks */,
				BC57F41722E55F8300916833 /* Resources */,
			);
			buildRules = (
			);
			dependencies = (
				BC57F41B22E55F8300916833 /* PBXTargetDependency */,
			);
			name = RxSwiftDemo_masterTests;
			productName = RxSwiftDemo_masterTests;
			productReference = BC57F41922E55F8300916833 /* RxSwiftDemo_masterTests.xctest */;
			productType = "com.apple.product-type.bundle.unit-test";
		};
		BC57F42322E55F8300916833 /* RxSwiftDemo_masterUITests */ = {
			isa = PBXNativeTarget;
			buildConfigurationList = BC57F43322E55F8300916833 /* Build configuration list for PBXNativeTarget "RxSwiftDemo_masterUITests" */;
			buildPhases = (
				BC57F42022E55F8300916833 /* Sources */,
				BC57F42122E55F8300916833 /* Frameworks */,
				BC57F42222E55F8300916833 /* Resources */,
			);
			buildRules = (
			);
			dependencies = (
				BC57F42622E55F8300916833 /* PBXTargetDependency */,
			);
			name = RxSwiftDemo_masterUITests;
			productName = RxSwiftDemo_masterUITests;
			productReference = BC57F42422E55F8300916833 /* RxSwiftDemo_masterUITests.xctest */;
			productType = "com.apple.product-type.bundle.ui-testing";
		};
/* End PBXNativeTarget section */

/* Begin PBXProject section */
		BC57F3FD22E55F8200916833 /* Project object */ = {
			isa = PBXProject;
			attributes = {
				LastSwiftUpdateCheck = 1020;
				LastUpgradeCheck = 1020;
				ORGANIZATIONNAME = ZMJ;
				TargetAttributes = {
					BC57F40422E55F8200916833 = {
						CreatedOnToolsVersion = 10.2.1;
					};
					BC57F41822E55F8300916833 = {
						CreatedOnToolsVersion = 10.2.1;
						TestTargetID = BC57F40422E55F8200916833;
					};
					BC57F42322E55F8300916833 = {
						CreatedOnToolsVersion = 10.2.1;
						TestTargetID = BC57F40422E55F8200916833;
					};
				};
			};
			buildConfigurationList = BC57F40022E55F8200916833 /* Build configuration list for PBXProject "RxSwiftDemo_master" */;
			compatibilityVersion = "Xcode 9.3";
			developmentRegion = en;
			hasScannedForEncodings = 0;
			knownRegions = (
				en,
				Base,
			);
			mainGroup = BC57F3FC22E55F8200916833;
			productRefGroup = BC57F40622E55F8200916833 /* Products */;
			projectDirPath = "";
			projectRoot = "";
			targets = (
				BC57F40422E55F8200916833 /* RxSwiftDemo_master */,
				BC57F41822E55F8300916833 /* RxSwiftDemo_masterTests */,
				BC57F42322E55F8300916833 /* RxSwiftDemo_masterUITests */,
			);
		};
/* End PBXProject section */

/* Begin PBXResourcesBuildPhase section */
		BC57F40322E55F8200916833 /* Resources */ = {
			isa = PBXResourcesBuildPhase;
			buildActionMask = 2147483647;
			files = (
				BC57F41322E55F8200916833 /* LaunchScreen.storyboard in Resources */,
				BC57F41022E55F8200916833 /* Assets.xcassets in Resources */,
				BC57F40E22E55F8200916833 /* Main.storyboard in Resources */,
			);
			runOnlyForDeploymentPostprocessing = 0;
		};
		BC57F41722E55F8300916833 /* Resources */ = {
			isa = PBXResourcesBuildPhase;
			buildActionMask = 2147483647;
			files = (
			);
			runOnlyForDeploymentPostprocessing = 0;
		};
		BC57F42222E55F8300916833 /* Resources */ = {
			isa = PBXResourcesBuildPhase;
			buildActionMask = 2147483647;
			files = (
			);
			runOnlyForDeploymentPostprocessing = 0;
		};
/* End PBXResourcesBuildPhase section */

/* Begin PBXSourcesBuildPhase section */
		BC57F40122E55F8200916833 /* Sources */ = {
			isa = PBXSourcesBuildPhase;
			buildActionMask = 2147483647;
			files = (
				BC57F40B22E55F8200916833 /* ViewController.swift in Sources */,
				BC57F40922E55F8200916833 /* AppDelegate.swift in Sources */,
			);
			runOnlyForDeploymentPostprocessing = 0;
		};
		BC57F41522E55F8300916833 /* Sources */ = {
			isa = PBXSourcesBuildPhase;
			buildActionMask = 2147483647;
			files = (
				BC57F41E22E55F8300916833 /* RxSwiftDemo_masterTests.swift in Sources */,
			);
			runOnlyForDeploymentPostprocessing = 0;
		};
		BC57F42022E55F8300916833 /* Sources */ = {
			isa = PBXSourcesBuildPhase;
			buildActionMask = 2147483647;
			files = (
				BC57F42922E55F8300916833 /* RxSwiftDemo_masterUITests.swift in Sources */,
			);
			runOnlyForDeploymentPostprocessing = 0;
		};
/* End PBXSourcesBuildPhase section */

/* Begin PBXTargetDependency section */
		BC57F41B22E55F8300916833 /* PBXTargetDependency */ = {
			isa = PBXTargetDependency;
			target = BC57F40422E55F8200916833 /* RxSwiftDemo_master */;
			targetProxy = BC57F41A22E55F8300916833 /* PBXContainerItemProxy */;
		};
		BC57F42622E55F8300916833 /* PBXTargetDependency */ = {
			isa = PBXTargetDependency;
			target = BC57F40422E55F8200916833 /* RxSwiftDemo_master */;
			targetProxy = BC57F42522E55F8300916833 /* PBXContainerItemProxy */;
		};
/* End PBXTargetDependency section */

/* Begin PBXVariantGroup section */
		BC57F40C22E55F8200916833 /* Main.storyboard */ = {
			isa = PBXVariantGroup;
			children = (
				BC57F40D22E55F8200916833 /* Base */,
			);
			name = Main.storyboard;
			sourceTree = "<group>";
		};
		BC57F41122E55F8200916833 /* LaunchScreen.storyboard */ = {
			isa = PBXVariantGroup;
			children = (
				BC57F41222E55F8200916833 /* Base */,
			);
			name = LaunchScreen.storyboard;
			sourceTree = "<group>";
		};
/* End PBXVariantGroup section */

/* Begin XCBuildConfiguration section */
		BC57F42B22E55F8300916833 /* Debug */ = {
			isa = XCBuildConfiguration;
			buildSettings = {
				ALWAYS_SEARCH_USER_PATHS = NO;
				CLANG_ANALYZER_NONNULL = YES;
				CLANG_ANALYZER_NUMBER_OBJECT_CONVERSION = YES_AGGRESSIVE;
				CLANG_CXX_LANGUAGE_STANDARD = "gnu++14";
				CLANG_CXX_LIBRARY = "libc++";
				CLANG_ENABLE_MODULES = YES;
				CLANG_ENABLE_OBJC_ARC = YES;
				CLANG_ENABLE_OBJC_WEAK = YES;
				CLANG_WARN_BLOCK_CAPTURE_AUTORELEASING = YES;
				CLANG_WARN_BOOL_CONVERSION = YES;
				CLANG_WARN_COMMA = YES;
				CLANG_WARN_CONSTANT_CONVERSION = YES;
				CLANG_WARN_DEPRECATED_OBJC_IMPLEMENTATIONS = YES;
				CLANG_WARN_DIRECT_OBJC_ISA_USAGE = YES_ERROR;
				CLANG_WARN_DOCUMENTATION_COMMENTS = YES;
				CLANG_WARN_EMPTY_BODY = YES;
				CLANG_WARN_ENUM_CONVERSION = YES;
				CLANG_WARN_INFINITE_RECURSION = YES;
				CLANG_WARN_INT_CONVERSION = YES;
				CLANG_WARN_NON_LITERAL_NULL_CONVERSION = YES;
				CLANG_WARN_OBJC_IMPLICIT_RETAIN_SELF = YES;
				CLANG_WARN_OBJC_LITERAL_CONVERSION = YES;
				CLANG_WARN_OBJC_ROOT_CLASS = YES_ERROR;
				CLANG_WARN_RANGE_LOOP_ANALYSIS = YES;
				CLANG_WARN_STRICT_PROTOTYPES = YES;
				CLANG_WARN_SUSPICIOUS_MOVE = YES;
				CLANG_WARN_UNGUARDED_AVAILABILITY = YES_AGGRESSIVE;
				CLANG_WARN_UNREACHABLE_CODE = YES;
				CLANG_WARN__DUPLICATE_METHOD_MATCH = YES;
				CODE_SIGN_IDENTITY = "iPhone Developer";
				COPY_PHASE_STRIP = NO;
				DEBUG_INFORMATION_FORMAT = dwarf;
				ENABLE_STRICT_OBJC_MSGSEND = YES;
				ENABLE_TESTABILITY = YES;
				GCC_C_LANGUAGE_STANDARD = gnu11;
				GCC_DYNAMIC_NO_PIC = NO;
				GCC_NO_COMMON_BLOCKS = YES;
				GCC_OPTIMIZATION_LEVEL = 0;
				GCC_PREPROCESSOR_DEFINITIONS = (
					"DEBUG=1",
					"$(inherited)",
				);
				GCC_WARN_64_TO_32_BIT_CONVERSION = YES;
				GCC_WARN_ABOUT_RETURN_TYPE = YES_ERROR;
				GCC_WARN_UNDECLARED_SELECTOR = YES;
				GCC_WARN_UNINITIALIZED_AUTOS = YES_AGGRESSIVE;
				GCC_WARN_UNUSED_FUNCTION = YES;
				GCC_WARN_UNUSED_VARIABLE = YES;
				IPHONEOS_DEPLOYMENT_TARGET = 12.2;
				MTL_ENABLE_DEBUG_INFO = INCLUDE_SOURCE;
				MTL_FAST_MATH = YES;
				ONLY_ACTIVE_ARCH = YES;
				SDKROOT = iphoneos;
				SWIFT_ACTIVE_COMPILATION_CONDITIONS = DEBUG;
				SWIFT_OPTIMIZATION_LEVEL = "-Onone";
			};
			name = Debug;
		};
		BC57F42C22E55F8300916833 /* Release */ = {
			isa = XCBuildConfiguration;
			buildSettings = {
				ALWAYS_SEARCH_USER_PATHS = NO;
				CLANG_ANALYZER_NONNULL = YES;
				CLANG_ANALYZER_NUMBER_OBJECT_CONVERSION = YES_AGGRESSIVE;
				CLANG_CXX_LANGUAGE_STANDARD = "gnu++14";
				CLANG_CXX_LIBRARY = "libc++";
				CLANG_ENABLE_MODULES = YES;
				CLANG_ENABLE_OBJC_ARC = YES;
				CLANG_ENABLE_OBJC_WEAK = YES;
				CLANG_WARN_BLOCK_CAPTURE_AUTORELEASING = YES;
				CLANG_WARN_BOOL_CONVERSION = YES;
				CLANG_WARN_COMMA = YES;
				CLANG_WARN_CONSTANT_CONVERSION = YES;
				CLANG_WARN_DEPRECATED_OBJC_IMPLEMENTATIONS = YES;
				CLANG_WARN_DIRECT_OBJC_ISA_USAGE = YES_ERROR;
				CLANG_WARN_DOCUMENTATION_COMMENTS = YES;
				CLANG_WARN_EMPTY_BODY = YES;
				CLANG_WARN_ENUM_CONVERSION = YES;
				CLANG_WARN_INFINITE_RECURSION = YES;
				CLANG_WARN_INT_CONVERSION = YES;
				CLANG_WARN_NON_LITERAL_NULL_CONVERSION = YES;
				CLANG_WARN_OBJC_IMPLICIT_RETAIN_SELF = YES;
				CLANG_WARN_OBJC_LITERAL_CONVERSION = YES;
				CLANG_WARN_OBJC_ROOT_CLASS = YES_ERROR;
				CLANG_WARN_RANGE_LOOP_ANALYSIS = YES;
				CLANG_WARN_STRICT_PROTOTYPES = YES;
				CLANG_WARN_SUSPICIOUS_MOVE = YES;
				CLANG_WARN_UNGUARDED_AVAILABILITY = YES_AGGRESSIVE;
				CLANG_WARN_UNREACHABLE_CODE = YES;
				CLANG_WARN__DUPLICATE_METHOD_MATCH = YES;
				CODE_SIGN_IDENTITY = "iPhone Developer";
				COPY_PHASE_STRIP = NO;
				DEBUG_INFORMATION_FORMAT = "dwarf-with-dsym";
				ENABLE_NS_ASSERTIONS = NO;
				ENABLE_STRICT_OBJC_MSGSEND = YES;
				GCC_C_LANGUAGE_STANDARD = gnu11;
				GCC_NO_COMMON_BLOCKS = YES;
				GCC_WARN_64_TO_32_BIT_CONVERSION = YES;
				GCC_WARN_ABOUT_RETURN_TYPE = YES_ERROR;
				GCC_WARN_UNDECLARED_SELECTOR = YES;
				GCC_WARN_UNINITIALIZED_AUTOS = YES_AGGRESSIVE;
				GCC_WARN_UNUSED_FUNCTION = YES;
				GCC_WARN_UNUSED_VARIABLE = YES;
				IPHONEOS_DEPLOYMENT_TARGET = 12.2;
				MTL_ENABLE_DEBUG_INFO = NO;
				MTL_FAST_MATH = YES;
				SDKROOT = iphoneos;
				SWIFT_COMPILATION_MODE = wholemodule;
				SWIFT_OPTIMIZATION_LEVEL = "-O";
				VALIDATE_PRODUCT = YES;
			};
			name = Release;
		};
		BC57F42E22E55F8300916833 /* Debug */ = {
			isa = XCBuildConfiguration;
			buildSettings = {
				ASSETCATALOG_COMPILER_APPICON_NAME = AppIcon;
				CODE_SIGN_STYLE = Automatic;
				INFOPLIST_FILE = RxSwiftDemo_master/Info.plist;
				LD_RUNPATH_SEARCH_PATHS = (
					"$(inherited)",
					"@executable_path/Frameworks",
				);
				PRODUCT_BUNDLE_IDENTIFIER = "com.ZMJ.RxSwiftDemo-master";
				PRODUCT_NAME = "$(TARGET_NAME)";
				SWIFT_VERSION = 5.0;
				TARGETED_DEVICE_FAMILY = "1,2";
			};
			name = Debug;
		};
		BC57F42F22E55F8300916833 /* Release */ = {
			isa = XCBuildConfiguration;
			buildSettings = {
				ASSETCATALOG_COMPILER_APPICON_NAME = AppIcon;
				CODE_SIGN_STYLE = Automatic;
				INFOPLIST_FILE = RxSwiftDemo_master/Info.plist;
				LD_RUNPATH_SEARCH_PATHS = (
					"$(inherited)",
					"@executable_path/Frameworks",
				);
				PRODUCT_BUNDLE_IDENTIFIER = "com.ZMJ.RxSwiftDemo-master";
				PRODUCT_NAME = "$(TARGET_NAME)";
				SWIFT_VERSION = 5.0;
				TARGETED_DEVICE_FAMILY = "1,2";
			};
			name = Release;
		};
		BC57F43122E55F8300916833 /* Debug */ = {
			isa = XCBuildConfiguration;
			buildSettings = {
				ALWAYS_EMBED_SWIFT_STANDARD_LIBRARIES = YES;
				BUNDLE_LOADER = "$(TEST_HOST)";
				CODE_SIGN_STYLE = Automatic;
				INFOPLIST_FILE = RxSwiftDemo_masterTests/Info.plist;
				LD_RUNPATH_SEARCH_PATHS = (
					"$(inherited)",
					"@executable_path/Frameworks",
					"@loader_path/Frameworks",
				);
				PRODUCT_BUNDLE_IDENTIFIER = "com.ZMJ.RxSwiftDemo-masterTests";
				PRODUCT_NAME = "$(TARGET_NAME)";
				SWIFT_VERSION = 5.0;
				TARGETED_DEVICE_FAMILY = "1,2";
				TEST_HOST = "$(BUILT_PRODUCTS_DIR)/RxSwiftDemo_master.app/RxSwiftDemo_master";
			};
			name = Debug;
		};
		BC57F43222E55F8300916833 /* Release */ = {
			isa = XCBuildConfiguration;
			buildSettings = {
				ALWAYS_EMBED_SWIFT_STANDARD_LIBRARIES = YES;
				BUNDLE_LOADER = "$(TEST_HOST)";
				CODE_SIGN_STYLE = Automatic;
				INFOPLIST_FILE = RxSwiftDemo_masterTests/Info.plist;
				LD_RUNPATH_SEARCH_PATHS = (
					"$(inherited)",
					"@executable_path/Frameworks",
					"@loader_path/Frameworks",
				);
				PRODUCT_BUNDLE_IDENTIFIER = "com.ZMJ.RxSwiftDemo-masterTests";
				PRODUCT_NAME = "$(TARGET_NAME)";
				SWIFT_VERSION = 5.0;
				TARGETED_DEVICE_FAMILY = "1,2";
				TEST_HOST = "$(BUILT_PRODUCTS_DIR)/RxSwiftDemo_master.app/RxSwiftDemo_master";
			};
			name = Release;
		};
		BC57F43422E55F8300916833 /* Debug */ = {
			isa = XCBuildConfiguration;
			buildSettings = {
				ALWAYS_EMBED_SWIFT_STANDARD_LIBRARIES = YES;
				CODE_SIGN_STYLE = Automatic;
				INFOPLIST_FILE = RxSwiftDemo_masterUITests/Info.plist;
				LD_RUNPATH_SEARCH_PATHS = (
					"$(inherited)",
					"@executable_path/Frameworks",
					"@loader_path/Frameworks",
				);
				PRODUCT_BUNDLE_IDENTIFIER = "com.ZMJ.RxSwiftDemo-masterUITests";
				PRODUCT_NAME = "$(TARGET_NAME)";
				SWIFT_VERSION = 5.0;
				TARGETED_DEVICE_FAMILY = "1,2";
				TEST_TARGET_NAME = RxSwiftDemo_master;
			};
			name = Debug;
		};
		BC57F43522E55F8300916833 /* Release */ = {
			isa = XCBuildConfiguration;
			buildSettings = {
				ALWAYS_EMBED_SWIFT_STANDARD_LIBRARIES = YES;
				CODE_SIGN_STYLE = Automatic;
				INFOPLIST_FILE = RxSwiftDemo_masterUITests/Info.plist;
				LD_RUNPATH_SEARCH_PATHS = (
					"$(inherited)",
					"@executable_path/Frameworks",
					"@loader_path/Frameworks",
				);
				PRODUCT_BUNDLE_IDENTIFIER = "com.ZMJ.RxSwiftDemo-masterUITests";
				PRODUCT_NAME = "$(TARGET_NAME)";
				SWIFT_VERSION = 5.0;
				TARGETED_DEVICE_FAMILY = "1,2";
				TEST_TARGET_NAME = RxSwiftDemo_master;
			};
			name = Release;
		};
/* End XCBuildConfiguration section */

/* Begin XCConfigurationList section */
		BC57F40022E55F8200916833 /* Build configuration list for PBXProject "RxSwiftDemo_master" */ = {
			isa = XCConfigurationList;
			buildConfigurations = (
				BC57F42B22E55F8300916833 /* Debug */,
				BC57F42C22E55F8300916833 /* Release */,
			);
			defaultConfigurationIsVisible = 0;
			defaultConfigurationName = Release;
		};
		BC57F42D22E55F8300916833 /* Build configuration list for PBXNativeTarget "RxSwiftDemo_master" */ = {
			isa = XCConfigurationList;
			buildConfigurations = (
				BC57F42E22E55F8300916833 /* Debug */,
				BC57F42F22E55F8300916833 /* Release */,
			);
			defaultConfigurationIsVisible = 0;
			defaultConfigurationName = Release;
		};
		BC57F43022E55F8300916833 /* Build configuration list for PBXNativeTarget "RxSwiftDemo_masterTests" */ = {
			isa = XCConfigurationList;
			buildConfigurations = (
				BC57F43122E55F8300916833 /* Debug */,
				BC57F43222E55F8300916833 /* Release */,
			);
			defaultConfigurationIsVisible = 0;
			defaultConfigurationName = Release;
		};
		BC57F43322E55F8300916833 /* Build configuration list for PBXNativeTarget "RxSwiftDemo_masterUITests" */ = {
			isa = XCConfigurationList;
			buildConfigurations = (
				BC57F43422E55F8300916833 /* Debug */,
				BC57F43522E55F8300916833 /* Release */,
			);
			defaultConfigurationIsVisible = 0;
			defaultConfigurationName = Release;
		};
/* End XCConfigurationList section */
	};
	rootObject = BC57F3FD22E55F8200916833 /* Project object */;
}
