// !$*UTF8*$!
{
	archiveVersion = 1;
	classes = {
	};
	objectVersion = 51;
	objects = {

/* Begin PBXBuildFile section */
		641B9AA48BB843B8C141A2C4 /* Pods_RxSwiftDemo_master.framework in Frameworks */ = {isa = PBXBuildFile; fileRef = 7877546A9709300A512FEA49 /* Pods_RxSwiftDemo_master.framework */; };
		68FBB7BAA869C78CD4EC693D /* Pods_RxSwiftDemo_masterTests.framework in Frameworks */ = {isa = PBXBuildFile; fileRef = 38F4AAB8D0E29F76BE7DC85A /* Pods_RxSwiftDemo_masterTests.framework */; };
		AF99FA91731D08A6BB2BB711 /* Pods_RxSwiftDemo_masterUITests.framework in Frameworks */ = {isa = PBXBuildFile; fileRef = AE3D21E8907FE2973BBBE9C9 /* Pods_RxSwiftDemo_masterUITests.framework */; };
		BC57F40922E55F8200916833 /* AppDelegate.swift in Sources */ = {isa = PBXBuildFile; fileRef = BC57F40822E55F8200916833 /* AppDelegate.swift */; };
		BC57F40B22E55F8200916833 /* ViewController.swift in Sources */ = {isa = PBXBuildFile; fileRef = BC57F40A22E55F8200916833 /* ViewController.swift */; };
		BC57F40E22E55F8200916833 /* Main.storyboard in Resources */ = {isa = PBXBuildFile; fileRef = BC57F40C22E55F8200916833 /* Main.storyboard */; };
		BC57F41022E55F8200916833 /* Assets.xcassets in Resources */ = {isa = PBXBuildFile; fileRef = BC57F40F22E55F8200916833 /* Assets.xcassets */; };
		BC57F41322E55F8200916833 /* LaunchScreen.storyboard in Resources */ = {isa = PBXBuildFile; fileRef = BC57F41122E55F8200916833 /* LaunchScreen.storyboard */; };
		BC57F41E22E55F8300916833 /* RxSwiftDemo_masterTests.swift in Sources */ = {isa = PBXBuildFile; fileRef = BC57F41D22E55F8300916833 /* RxSwiftDemo_masterTests.swift */; };
		BC57F42922E55F8300916833 /* RxSwiftDemo_masterUITests.swift in Sources */ = {isa = PBXBuildFile; fileRef = BC57F42822E55F8300916833 /* RxSwiftDemo_masterUITests.swift */; };
		BC57F43822E5615900916833 /* Session+Rx.swift in Sources */ = {isa = PBXBuildFile; fileRef = BC57F43722E5615900916833 /* Session+Rx.swift */; };
		BC57F43A22E561AD00916833 /* UIScrollView+Rx.swift in Sources */ = {isa = PBXBuildFile; fileRef = BC57F43922E561AD00916833 /* UIScrollView+Rx.swift */; };
		BC57F43C22E5626600916833 /* UITableView+Rx.swift in Sources */ = {isa = PBXBuildFile; fileRef = BC57F43B22E5626600916833 /* UITableView+Rx.swift */; };
		BC57F43E22E5629800916833 /* UIViewController+Rx.swift in Sources */ = {isa = PBXBuildFile; fileRef = BC57F43D22E5629800916833 /* UIViewController+Rx.swift */; };
		BC57F44022E562BD00916833 /* DisposeBag+Bulk.swift in Sources */ = {isa = PBXBuildFile; fileRef = BC57F43F22E562BD00916833 /* DisposeBag+Bulk.swift */; };
		BC57F44322E5657600916833 /* SearchRepositoriesViewController.swift in Sources */ = {isa = PBXBuildFile; fileRef = BC57F44122E5657600916833 /* SearchRepositoriesViewController.swift */; };
		BC57F44422E5657600916833 /* SearchRepositoriesViewController.xib in Resources */ = {isa = PBXBuildFile; fileRef = BC57F44222E5657600916833 /* SearchRepositoriesViewController.xib */; };
		BC57F44722E565B000916833 /* RepositoryCellTableViewCell.swift in Sources */ = {isa = PBXBuildFile; fileRef = BC57F44522E565B000916833 /* RepositoryCellTableViewCell.swift */; };
		BC57F44822E565B000916833 /* RepositoryCellTableViewCell.xib in Resources */ = {isa = PBXBuildFile; fileRef = BC57F44622E565B000916833 /* RepositoryCellTableViewCell.xib */; };
		BC57F44A22E565DF00916833 /* PaginationViewModel.swift in Sources */ = {isa = PBXBuildFile; fileRef = BC57F44922E565DF00916833 /* PaginationViewModel.swift */; };
		BC57F44D22E5660E00916833 /* GitHubAPI.swift in Sources */ = {isa = PBXBuildFile; fileRef = BC57F44C22E5660E00916833 /* GitHubAPI.swift */; };
		BC57F44F22E5662400916833 /* GitHubRequest.swift in Sources */ = {isa = PBXBuildFile; fileRef = BC57F44E22E5662400916833 /* GitHubRequest.swift */; };
		BC57F45122E5663600916833 /* PaginationRequest.swift in Sources */ = {isa = PBXBuildFile; fileRef = BC57F45022E5663600916833 /* PaginationRequest.swift */; };
		BC57F45422E5665D00916833 /* PaginationResponseType.swift in Sources */ = {isa = PBXBuildFile; fileRef = BC57F45322E5665D00916833 /* PaginationResponseType.swift */; };
		BC57F45622E5667900916833 /* PaginationResponse.swift in Sources */ = {isa = PBXBuildFile; fileRef = BC57F45522E5667900916833 /* PaginationResponse.swift */; };
		BC57F45822E5668700916833 /* Repository.swift in Sources */ = {isa = PBXBuildFile; fileRef = BC57F45722E5668700916833 /* Repository.swift */; };
/* End PBXBuildFile section */

/* Begin PBXContainerItemProxy section */
		BC57F41A22E55F8300916833 /* PBXContainerItemProxy */ = {
			isa = PBXContainerItemProxy;
			containerPortal = BC57F3FD22E55F8200916833 /* Project object */;
			proxyType = 1;
			remoteGlobalIDString = BC57F40422E55F8200916833;
			remoteInfo = RxSwiftDemo_master;
		};
		BC57F42522E55F8300916833 /* PBXContainerItemProxy */ = {
			isa = PBXContainerItemProxy;
			containerPortal = BC57F3FD22E55F8200916833 /* Project object */;
			proxyType = 1;
			remoteGlobalIDString = BC57F40422E55F8200916833;
			remoteInfo = RxSwiftDemo_master;
		};
/* End PBXContainerItemProxy section */

/* Begin PBXFileReference section */
		38F4AAB8D0E29F76BE7DC85A /* Pods_RxSwiftDemo_masterTests.framework */ = {isa = PBXFileReference; explicitFileType = wrapper.framework; includeInIndex = 0; path = Pods_RxSwiftDemo_masterTests.framework; sourceTree = BUILT_PRODUCTS_DIR; };
		4AA68CD0B524CAF78CB807C9 /* Pods-RxSwiftDemo_masterTests.release.xcconfig */ = {isa = PBXFileReference; includeInIndex = 1; lastKnownFileType = text.xcconfig; name = "Pods-RxSwiftDemo_masterTests.release.xcconfig"; path = "Target Support Files/Pods-RxSwiftDemo_masterTests/Pods-RxSwiftDemo_masterTests.release.xcconfig"; sourceTree = "<group>"; };
		5158BF2620EC0DC2BD4807C1 /* Pods-RxSwiftDemo_master.debug.xcconfig */ = {isa = PBXFileReference; includeInIndex = 1; lastKnownFileType = text.xcconfig; name = "Pods-RxSwiftDemo_master.debug.xcconfig"; path = "Target Support Files/Pods-RxSwiftDemo_master/Pods-RxSwiftDemo_master.debug.xcconfig"; sourceTree = "<group>"; };
		57A9CFF5BB2CBD7C14328329 /* Pods-RxSwiftDemo_masterUITests.release.xcconfig */ = {isa = PBXFileReference; includeInIndex = 1; lastKnownFileType = text.xcconfig; name = "Pods-RxSwiftDemo_masterUITests.release.xcconfig"; path = "Target Support Files/Pods-RxSwiftDemo_masterUITests/Pods-RxSwiftDemo_masterUITests.release.xcconfig"; sourceTree = "<group>"; };
		6D68C5E365952C30D6F1C6A0 /* Pods-RxSwiftDemo_masterUITests.debug.xcconfig */ = {isa = PBXFileReference; includeInIndex = 1; lastKnownFileType = text.xcconfig; name = "Pods-RxSwiftDemo_masterUITests.debug.xcconfig"; path = "Target Support Files/Pods-RxSwiftDemo_masterUITests/Pods-RxSwiftDemo_masterUITests.debug.xcconfig"; sourceTree = "<group>"; };
		7877546A9709300A512FEA49 /* Pods_RxSwiftDemo_master.framework */ = {isa = PBXFileReference; explicitFileType = wrapper.framework; includeInIndex = 0; path = Pods_RxSwiftDemo_master.framework; sourceTree = BUILT_PRODUCTS_DIR; };
		A248FCC3BF36B7A95274D8C3 /* Pods-RxSwiftDemo_master.release.xcconfig */ = {isa = PBXFileReference; includeInIndex = 1; lastKnownFileType = text.xcconfig; name = "Pods-RxSwiftDemo_master.release.xcconfig"; path = "Target Support Files/Pods-RxSwiftDemo_master/Pods-RxSwiftDemo_master.release.xcconfig"; sourceTree = "<group>"; };
		AE3D21E8907FE2973BBBE9C9 /* Pods_RxSwiftDemo_masterUITests.framework */ = {isa = PBXFileReference; explicitFileType = wrapper.framework; includeInIndex = 0; path = Pods_RxSwiftDemo_masterUITests.framework; sourceTree = BUILT_PRODUCTS_DIR; };
		BC57F40522E55F8200916833 /* RxSwiftDemo_master.app */ = {isa = PBXFileReference; explicitFileType = wrapper.application; includeInIndex = 0; path = RxSwiftDemo_master.app; sourceTree = BUILT_PRODUCTS_DIR; };
		BC57F40822E55F8200916833 /* AppDelegate.swift */ = {isa = PBXFileReference; lastKnownFileType = sourcecode.swift; path = AppDelegate.swift; sourceTree = "<group>"; };
		BC57F40A22E55F8200916833 /* ViewController.swift */ = {isa = PBXFileReference; lastKnownFileType = sourcecode.swift; path = ViewController.swift; sourceTree = "<group>"; };
		BC57F40D22E55F8200916833 /* Base */ = {isa = PBXFileReference; lastKnownFileType = file.storyboard; name = Base; path = Base.lproj/Main.storyboard; sourceTree = "<group>"; };
		BC57F40F22E55F8200916833 /* Assets.xcassets */ = {isa = PBXFileReference; lastKnownFileType = folder.assetcatalog; path = Assets.xcassets; sourceTree = "<group>"; };
		BC57F41222E55F8200916833 /* Base */ = {isa = PBXFileReference; lastKnownFileType = file.storyboard; name = Base; path = Base.lproj/LaunchScreen.storyboard; sourceTree = "<group>"; };
		BC57F41422E55F8200916833 /* Info.plist */ = {isa = PBXFileReference; lastKnownFileType = text.plist.xml; path = Info.plist; sourceTree = "<group>"; };
		BC57F41922E55F8300916833 /* RxSwiftDemo_masterTests.xctest */ = {isa = PBXFileReference; explicitFileType = wrapper.cfbundle; includeInIndex = 0; path = RxSwiftDemo_masterTests.xctest; sourceTree = BUILT_PRODUCTS_DIR; };
		BC57F41D22E55F8300916833 /* RxSwiftDemo_masterTests.swift */ = {isa = PBXFileReference; lastKnownFileType = sourcecode.swift; path = RxSwiftDemo_masterTests.swift; sourceTree = "<group>"; };
		BC57F41F22E55F8300916833 /* Info.plist */ = {isa = PBXFileReference; lastKnownFileType = text.plist.xml; path = Info.plist; sourceTree = "<group>"; };
		BC57F42422E55F8300916833 /* RxSwiftDemo_masterUITests.xctest */ = {isa = PBXFileReference; explicitFileType = wrapper.cfbundle; includeInIndex = 0; path = RxSwiftDemo_masterUITests.xctest; sourceTree = BUILT_PRODUCTS_DIR; };
		BC57F42822E55F8300916833 /* RxSwiftDemo_masterUITests.swift */ = {isa = PBXFileReference; lastKnownFileType = sourcecode.swift; path = RxSwiftDemo_masterUITests.swift; sourceTree = "<group>"; };
		BC57F42A22E55F8300916833 /* Info.plist */ = {isa = PBXFileReference; lastKnownFileType = text.plist.xml; path = Info.plist; sourceTree = "<group>"; };
		BC57F43722E5615900916833 /* Session+Rx.swift */ = {isa = PBXFileReference; lastKnownFileType = sourcecode.swift; path = "Session+Rx.swift"; sourceTree = "<group>"; };
		BC57F43922E561AD00916833 /* UIScrollView+Rx.swift */ = {isa = PBXFileReference; lastKnownFileType = sourcecode.swift; path = "UIScrollView+Rx.swift"; sourceTree = "<group>"; };
		BC57F43B22E5626600916833 /* UITableView+Rx.swift */ = {isa = PBXFileReference; lastKnownFileType = sourcecode.swift; path = "UITableView+Rx.swift"; sourceTree = "<group>"; };
		BC57F43D22E5629800916833 /* UIViewController+Rx.swift */ = {isa = PBXFileReference; lastKnownFileType = sourcecode.swift; path = "UIViewController+Rx.swift"; sourceTree = "<group>"; };
		BC57F43F22E562BD00916833 /* DisposeBag+Bulk.swift */ = {isa = PBXFileReference; lastKnownFileType = sourcecode.swift; path = "DisposeBag+Bulk.swift"; sourceTree = "<group>"; };
		BC57F44122E5657600916833 /* SearchRepositoriesViewController.swift */ = {isa = PBXFileReference; lastKnownFileType = sourcecode.swift; path = SearchRepositoriesViewController.swift; sourceTree = "<group>"; };
		BC57F44222E5657600916833 /* SearchRepositoriesViewController.xib */ = {isa = PBXFileReference; lastKnownFileType = file.xib; path = SearchRepositoriesViewController.xib; sourceTree = "<group>"; };
		BC57F44522E565B000916833 /* RepositoryCellTableViewCell.swift */ = {isa = PBXFileReference; lastKnownFileType = sourcecode.swift; path = RepositoryCellTableViewCell.swift; sourceTree = "<group>"; };
		BC57F44622E565B000916833 /* RepositoryCellTableViewCell.xib */ = {isa = PBXFileReference; lastKnownFileType = file.xib; path = RepositoryCellTableViewCell.xib; sourceTree = "<group>"; };
		BC57F44922E565DF00916833 /* PaginationViewModel.swift */ = {isa = PBXFileReference; lastKnownFileType = sourcecode.swift; path = PaginationViewModel.swift; sourceTree = "<group>"; };
		BC57F44C22E5660E00916833 /* GitHubAPI.swift */ = {isa = PBXFileReference; lastKnownFileType = sourcecode.swift; path = GitHubAPI.swift; sourceTree = "<group>"; };
		BC57F44E22E5662400916833 /* GitHubRequest.swift */ = {isa = PBXFileReference; lastKnownFileType = sourcecode.swift; path = GitHubRequest.swift; sourceTree = "<group>"; };
		BC57F45022E5663600916833 /* PaginationRequest.swift */ = {isa = PBXFileReference; lastKnownFileType = sourcecode.swift; path = PaginationRequest.swift; sourceTree = "<group>"; };
		BC57F45322E5665D00916833 /* PaginationResponseType.swift */ = {isa = PBXFileReference; lastKnownFileType = sourcecode.swift; path = PaginationResponseType.swift; sourceTree = "<group>"; };
		BC57F45522E5667900916833 /* PaginationResponse.swift */ = {isa = PBXFileReference; lastKnownFileType = sourcecode.swift; path = PaginationResponse.swift; sourceTree = "<group>"; };
		BC57F45722E5668700916833 /* Repository.swift */ = {isa = PBXFileReference; lastKnownFileType = sourcecode.swift; path = Repository.swift; sourceTree = "<group>"; };
		E115FF50B0B76FE21D8AB8BA /* Pods-RxSwiftDemo_masterTests.debug.xcconfig */ = {isa = PBXFileReference; includeInIndex = 1; lastKnownFileType = text.xcconfig; name = "Pods-RxSwiftDemo_masterTests.debug.xcconfig"; path = "Target Support Files/Pods-RxSwiftDemo_masterTests/Pods-RxSwiftDemo_masterTests.debug.xcconfig"; sourceTree = "<group>"; };
/* End PBXFileReference section */

/* Begin PBXFrameworksBuildPhase section */
		BC57F40222E55F8200916833 /* Frameworks */ = {
			isa = PBXFrameworksBuildPhase;
			buildActionMask = 2147483647;
			files = (
				641B9AA48BB843B8C141A2C4 /* Pods_RxSwiftDemo_master.framework in Frameworks */,
			);
			runOnlyForDeploymentPostprocessing = 0;
		};
		BC57F41622E55F8300916833 /* Frameworks */ = {
			isa = PBXFrameworksBuildPhase;
			buildActionMask = 2147483647;
			files = (
				68FBB7BAA869C78CD4EC693D /* Pods_RxSwiftDemo_masterTests.framework in Frameworks */,
			);
			runOnlyForDeploymentPostprocessing = 0;
		};
		BC57F42122E55F8300916833 /* Frameworks */ = {
			isa = PBXFrameworksBuildPhase;
			buildActionMask = 2147483647;
			files = (
				AF99FA91731D08A6BB2BB711 /* Pods_RxSwiftDemo_masterUITests.framework in Frameworks */,
			);
			runOnlyForDeploymentPostprocessing = 0;
		};
/* End PBXFrameworksBuildPhase section */

/* Begin PBXGroup section */
		4D48ED1B093AA65D9235AAAB /* Frameworks */ = {
			isa = PBXGroup;
			children = (
				7877546A9709300A512FEA49 /* Pods_RxSwiftDemo_master.framework */,
				38F4AAB8D0E29F76BE7DC85A /* Pods_RxSwiftDemo_masterTests.framework */,
				AE3D21E8907FE2973BBBE9C9 /* Pods_RxSwiftDemo_masterUITests.framework */,
			);
			name = Frameworks;
			sourceTree = "<group>";
		};
		8920352B0C8DD212840B7F8A /* Pods */ = {
			isa = PBXGroup;
			children = (
				5158BF2620EC0DC2BD4807C1 /* Pods-RxSwiftDemo_master.debug.xcconfig */,
				A248FCC3BF36B7A95274D8C3 /* Pods-RxSwiftDemo_master.release.xcconfig */,
				E115FF50B0B76FE21D8AB8BA /* Pods-RxSwiftDemo_masterTests.debug.xcconfig */,
				4AA68CD0B524CAF78CB807C9 /* Pods-RxSwiftDemo_masterTests.release.xcconfig */,
				6D68C5E365952C30D6F1C6A0 /* Pods-RxSwiftDemo_masterUITests.debug.xcconfig */,
				57A9CFF5BB2CBD7C14328329 /* Pods-RxSwiftDemo_masterUITests.release.xcconfig */,
			);
			path = Pods;
			sourceTree = "<group>";
		};
		BC57F3FC22E55F8200916833 = {
			isa = PBXGroup;
			children = (
				BC57F40722E55F8200916833 /* RxSwiftDemo_master */,
				BC57F41C22E55F8300916833 /* RxSwiftDemo_masterTests */,
				BC57F42722E55F8300916833 /* RxSwiftDemo_masterUITests */,
				BC57F40622E55F8200916833 /* Products */,
				8920352B0C8DD212840B7F8A /* Pods */,
				4D48ED1B093AA65D9235AAAB /* Frameworks */,
			);
			sourceTree = "<group>";
		};
		BC57F40622E55F8200916833 /* Products */ = {
			isa = PBXGroup;
			children = (
				BC57F40522E55F8200916833 /* RxSwiftDemo_master.app */,
				BC57F41922E55F8300916833 /* RxSwiftDemo_masterTests.xctest */,
				BC57F42422E55F8300916833 /* RxSwiftDemo_masterUITests.xctest */,
			);
			name = Products;
			sourceTree = "<group>";
		};
		BC57F40722E55F8200916833 /* RxSwiftDemo_master */ = {
			isa = PBXGroup;
			children = (
				BC57F44122E5657600916833 /* SearchRepositoriesViewController.swift */,
				BC57F44222E5657600916833 /* SearchRepositoriesViewController.xib */,
				BC57F44522E565B000916833 /* RepositoryCellTableViewCell.swift */,
				BC57F44622E565B000916833 /* RepositoryCellTableViewCell.xib */,
				BC57F44922E565DF00916833 /* PaginationViewModel.swift */,
				BC57F45222E5664000916833 /* Response */,
				BC57F44B22E565F900916833 /* Request */,
				BC57F43622E560CA00916833 /* Extension */,
				BC57F40822E55F8200916833 /* AppDelegate.swift */,
				BC57F40A22E55F8200916833 /* ViewController.swift */,
				BC57F40C22E55F8200916833 /* Main.storyboard */,
				BC57F40F22E55F8200916833 /* Assets.xcassets */,
				BC57F41122E55F8200916833 /* LaunchScreen.storyboard */,
				BC57F41422E55F8200916833 /* Info.plist */,
			);
			path = RxSwiftDemo_master;
			sourceTree = "<group>";
		};
		BC57F41C22E55F8300916833 /* RxSwiftDemo_masterTests */ = {
			isa = PBXGroup;
			children = (
				BC57F41D22E55F8300916833 /* RxSwiftDemo_masterTests.swift */,
				BC57F41F22E55F8300916833 /* Info.plist */,
			);
			path = RxSwiftDemo_masterTests;
			sourceTree = "<group>";
		};
		BC57F42722E55F8300916833 /* RxSwiftDemo_masterUITests */ = {
			isa = PBXGroup;
			children = (
				BC57F42822E55F8300916833 /* RxSwiftDemo_masterUITests.swift */,
				BC57F42A22E55F8300916833 /* Info.plist */,
			);
			path = RxSwiftDemo_masterUITests;
			sourceTree = "<group>";
		};
		BC57F43622E560CA00916833 /* Extension */ = {
			isa = PBXGroup;
			children = (
				BC57F43722E5615900916833 /* Session+Rx.swift */,
				BC57F43922E561AD00916833 /* UIScrollView+Rx.swift */,
				BC57F43B22E5626600916833 /* UITableView+Rx.swift */,
				BC57F43D22E5629800916833 /* UIViewController+Rx.swift */,
				BC57F43F22E562BD00916833 /* DisposeBag+Bulk.swift */,
			);
			path = Extension;
			sourceTree = "<group>";
		};
		BC57F44B22E565F900916833 /* Request */ = {
			isa = PBXGroup;
			children = (
				BC57F44C22E5660E00916833 /* GitHubAPI.swift */,
				BC57F44E22E5662400916833 /* GitHubRequest.swift */,
				BC57F45022E5663600916833 /* PaginationRequest.swift */,
			);
			path = Request;
			sourceTree = "<group>";
		};
		BC57F45222E5664000916833 /* Response */ = {
			isa = PBXGroup;
			children = (
				BC57F45322E5665D00916833 /* PaginationResponseType.swift */,
				BC57F45522E5667900916833 /* PaginationResponse.swift */,
				BC57F45722E5668700916833 /* Repository.swift */,
			);
			path = Response;
			sourceTree = "<group>";
		};
/* End PBXGroup section */

/* Begin PBXNativeTarget section */
		BC57F40422E55F8200916833 /* RxSwiftDemo_master */ = {
			isa = PBXNativeTarget;
			buildConfigurationList = BC57F42D22E55F8300916833 /* Build configuration list for PBXNativeTarget "RxSwiftDemo_master" */;
			buildPhases = (
				E4F53298EED3F7CD90837EDB /* [CP] Check Pods Manifest.lock */,
				BC57F40122E55F8200916833 /* Sources */,
				BC57F40222E55F8200916833 /* Frameworks */,
				BC57F40322E55F8200916833 /* Resources */,
				50E19696CB876668CE969A9A /* [CP] Embed Pods Frameworks */,
			);
			buildRules = (
			);
			dependencies = (
			);
			name = RxSwiftDemo_master;
			productName = RxSwiftDemo_master;
			productReference = BC57F40522E55F8200916833 /* RxSwiftDemo_master.app */;
			productType = "com.apple.product-type.application";
		};
		BC57F41822E55F8300916833 /* RxSwiftDemo_masterTests */ = {
			isa = PBXNativeTarget;
			buildConfigurationList = BC57F43022E55F8300916833 /* Build configuration list for PBXNativeTarget "RxSwiftDemo_masterTests" */;
			buildPhases = (
				D86AFD272CB11397F920F66F /* [CP] Check Pods Manifest.lock */,
				BC57F41522E55F8300916833 /* Sources */,
				BC57F41622E55F8300916833 /* Frameworks */,
				BC57F41722E55F8300916833 /* Resources */,
			);
			buildRules = (
			);
			dependencies = (
				BC57F41B22E55F8300916833 /* PBXTargetDependency */,
			);
			name = RxSwiftDemo_masterTests;
			productName = RxSwiftDemo_masterTests;
			productReference = BC57F41922E55F8300916833 /* RxSwiftDemo_masterTests.xctest */;
			productType = "com.apple.product-type.bundle.unit-test";
		};
		BC57F42322E55F8300916833 /* RxSwiftDemo_masterUITests */ = {
			isa = PBXNativeTarget;
			buildConfigurationList = BC57F43322E55F8300916833 /* Build configuration list for PBXNativeTarget "RxSwiftDemo_masterUITests" */;
			buildPhases = (
				F73EFDA3BFFE6CD1E05B547C /* [CP] Check Pods Manifest.lock */,
				BC57F42022E55F8300916833 /* Sources */,
				BC57F42122E55F8300916833 /* Frameworks */,
				BC57F42222E55F8300916833 /* Resources */,
			);
			buildRules = (
			);
			dependencies = (
				BC57F42622E55F8300916833 /* PBXTargetDependency */,
			);
			name = RxSwiftDemo_masterUITests;
			productName = RxSwiftDemo_masterUITests;
			productReference = BC57F42422E55F8300916833 /* RxSwiftDemo_masterUITests.xctest */;
			productType = "com.apple.product-type.bundle.ui-testing";
		};
/* End PBXNativeTarget section */

/* Begin PBXProject section */
		BC57F3FD22E55F8200916833 /* Project object */ = {
			isa = PBXProject;
			attributes = {
				LastSwiftUpdateCheck = 1020;
				LastUpgradeCheck = 1020;
				ORGANIZATIONNAME = ZMJ;
				TargetAttributes = {
					BC57F40422E55F8200916833 = {
						CreatedOnToolsVersion = 10.2.1;
					};
					BC57F41822E55F8300916833 = {
						CreatedOnToolsVersion = 10.2.1;
						TestTargetID = BC57F40422E55F8200916833;
					};
					BC57F42322E55F8300916833 = {
						CreatedOnToolsVersion = 10.2.1;
						TestTargetID = BC57F40422E55F8200916833;
					};
				};
			};
			buildConfigurationList = BC57F40022E55F8200916833 /* Build configuration list for PBXProject "RxSwiftDemo_master" */;
			compatibilityVersion = "Xcode 9.3";
			developmentRegion = en;
			hasScannedForEncodings = 0;
			knownRegions = (
				en,
				Base,
			);
			mainGroup = BC57F3FC22E55F8200916833;
			productRefGroup = BC57F40622E55F8200916833 /* Products */;
			projectDirPath = "";
			projectRoot = "";
			targets = (
				BC57F40422E55F8200916833 /* RxSwiftDemo_master */,
				BC57F41822E55F8300916833 /* RxSwiftDemo_masterTests */,
				BC57F42322E55F8300916833 /* RxSwiftDemo_masterUITests */,
			);
		};
/* End PBXProject section */

/* Begin PBXResourcesBuildPhase section */
		BC57F40322E55F8200916833 /* Resources */ = {
			isa = PBXResourcesBuildPhase;
			buildActionMask = 2147483647;
			files = (
				BC57F41322E55F8200916833 /* LaunchScreen.storyboard in Resources */,
				BC57F41022E55F8200916833 /* Assets.xcassets in Resources */,
				BC57F44422E5657600916833 /* SearchRepositoriesViewController.xib in Resources */,
				BC57F44822E565B000916833 /* RepositoryCellTableViewCell.xib in Resources */,
				BC57F40E22E55F8200916833 /* Main.storyboard in Resources */,
			);
			runOnlyForDeploymentPostprocessing = 0;
		};
		BC57F41722E55F8300916833 /* Resources */ = {
			isa = PBXResourcesBuildPhase;
			buildActionMask = 2147483647;
			files = (
			);
			runOnlyForDeploymentPostprocessing = 0;
		};
		BC57F42222E55F8300916833 /* Resources */ = {
			isa = PBXResourcesBuildPhase;
			buildActionMask = 2147483647;
			files = (
			);
			runOnlyForDeploymentPostprocessing = 0;
		};
/* End PBXResourcesBuildPhase section */

/* Begin PBXShellScriptBuildPhase section */
		50E19696CB876668CE969A9A /* [CP] Embed Pods Frameworks */ = {
			isa = PBXShellScriptBuildPhase;
			buildActionMask = 2147483647;
			files = (
			);
			inputFileListPaths = (
				"${PODS_ROOT}/Target Support Files/Pods-RxSwiftDemo_master/Pods-RxSwiftDemo_master-frameworks-${CONFIGURATION}-input-files.xcfilelist",
			);
			name = "[CP] Embed Pods Frameworks";
			outputFileListPaths = (
				"${PODS_ROOT}/Target Support Files/Pods-RxSwiftDemo_master/Pods-RxSwiftDemo_master-frameworks-${CONFIGURATION}-output-files.xcfilelist",
			);
			runOnlyForDeploymentPostprocessing = 0;
			shellPath = /bin/sh;
			shellScript = "\"${PODS_ROOT}/Target Support Files/Pods-RxSwiftDemo_master/Pods-RxSwiftDemo_master-frameworks.sh\"\n";
			showEnvVarsInLog = 0;
		};
		D86AFD272CB11397F920F66F /* [CP] Check Pods Manifest.lock */ = {
			isa = PBXShellScriptBuildPhase;
			buildActionMask = 2147483647;
			files = (
			);
			inputFileListPaths = (
			);
			inputPaths = (
				"${PODS_PODFILE_DIR_PATH}/Podfile.lock",
				"${PODS_ROOT}/Manifest.lock",
			);
			name = "[CP] Check Pods Manifest.lock";
			outputFileListPaths = (
			);
			outputPaths = (
				"$(DERIVED_FILE_DIR)/Pods-RxSwiftDemo_masterTests-checkManifestLockResult.txt",
			);
			runOnlyForDeploymentPostprocessing = 0;
			shellPath = /bin/sh;
			shellScript = "diff \"${PODS_PODFILE_DIR_PATH}/Podfile.lock\" \"${PODS_ROOT}/Manifest.lock\" > /dev/null\nif [ $? != 0 ] ; then\n    # print error to STDERR\n    echo \"error: The sandbox is not in sync with the Podfile.lock. Run 'pod install' or update your CocoaPods installation.\" >&2\n    exit 1\nfi\n# This output is used by Xcode 'outputs' to avoid re-running this script phase.\necho \"SUCCESS\" > \"${SCRIPT_OUTPUT_FILE_0}\"\n";
			showEnvVarsInLog = 0;
		};
		E4F53298EED3F7CD90837EDB /* [CP] Check Pods Manifest.lock */ = {
			isa = PBXShellScriptBuildPhase;
			buildActionMask = 2147483647;
			files = (
			);
			inputFileListPaths = (
			);
			inputPaths = (
				"${PODS_PODFILE_DIR_PATH}/Podfile.lock",
				"${PODS_ROOT}/Manifest.lock",
			);
			name = "[CP] Check Pods Manifest.lock";
			outputFileListPaths = (
			);
			outputPaths = (
				"$(DERIVED_FILE_DIR)/Pods-RxSwiftDemo_master-checkManifestLockResult.txt",
			);
			runOnlyForDeploymentPostprocessing = 0;
			shellPath = /bin/sh;
			shellScript = "diff \"${PODS_PODFILE_DIR_PATH}/Podfile.lock\" \"${PODS_ROOT}/Manifest.lock\" > /dev/null\nif [ $? != 0 ] ; then\n    # print error to STDERR\n    echo \"error: The sandbox is not in sync with the Podfile.lock. Run 'pod install' or update your CocoaPods installation.\" >&2\n    exit 1\nfi\n# This output is used by Xcode 'outputs' to avoid re-running this script phase.\necho \"SUCCESS\" > \"${SCRIPT_OUTPUT_FILE_0}\"\n";
			showEnvVarsInLog = 0;
		};
		F73EFDA3BFFE6CD1E05B547C /* [CP] Check Pods Manifest.lock */ = {
			isa = PBXShellScriptBuildPhase;
			buildActionMask = 2147483647;
			files = (
			);
			inputFileListPaths = (
			);
			inputPaths = (
				"${PODS_PODFILE_DIR_PATH}/Podfile.lock",
				"${PODS_ROOT}/Manifest.lock",
			);
			name = "[CP] Check Pods Manifest.lock";
			outputFileListPaths = (
			);
			outputPaths = (
				"$(DERIVED_FILE_DIR)/Pods-RxSwiftDemo_masterUITests-checkManifestLockResult.txt",
			);
			runOnlyForDeploymentPostprocessing = 0;
			shellPath = /bin/sh;
			shellScript = "diff \"${PODS_PODFILE_DIR_PATH}/Podfile.lock\" \"${PODS_ROOT}/Manifest.lock\" > /dev/null\nif [ $? != 0 ] ; then\n    # print error to STDERR\n    echo \"error: The sandbox is not in sync with the Podfile.lock. Run 'pod install' or update your CocoaPods installation.\" >&2\n    exit 1\nfi\n# This output is used by Xcode 'outputs' to avoid re-running this script phase.\necho \"SUCCESS\" > \"${SCRIPT_OUTPUT_FILE_0}\"\n";
			showEnvVarsInLog = 0;
		};
/* End PBXShellScriptBuildPhase section */

/* Begin PBXSourcesBuildPhase section */
		BC57F40122E55F8200916833 /* Sources */ = {
			isa = PBXSourcesBuildPhase;
			buildActionMask = 2147483647;
			files = (
				BC57F43822E5615900916833 /* Session+Rx.swift in Sources */,
				BC57F43C22E5626600916833 /* UITableView+Rx.swift in Sources */,
				BC57F45622E5667900916833 /* PaginationResponse.swift in Sources */,
				BC57F43A22E561AD00916833 /* UIScrollView+Rx.swift in Sources */,
				BC57F44722E565B000916833 /* RepositoryCellTableViewCell.swift in Sources */,
				BC57F40B22E55F8200916833 /* ViewController.swift in Sources */,
				BC57F43E22E5629800916833 /* UIViewController+Rx.swift in Sources */,
				BC57F40922E55F8200916833 /* AppDelegate.swift in Sources */,
				BC57F44322E5657600916833 /* SearchRepositoriesViewController.swift in Sources */,
				BC57F45422E5665D00916833 /* PaginationResponseType.swift in Sources */,
				BC57F44A22E565DF00916833 /* PaginationViewModel.swift in Sources */,
				BC57F45822E5668700916833 /* Repository.swift in Sources */,
				BC57F45122E5663600916833 /* PaginationRequest.swift in Sources */,
				BC57F44D22E5660E00916833 /* GitHubAPI.swift in Sources */,
				BC57F44F22E5662400916833 /* GitHubRequest.swift in Sources */,
				BC57F44022E562BD00916833 /* DisposeBag+Bulk.swift in Sources */,
			);
			runOnlyForDeploymentPostprocessing = 0;
		};
		BC57F41522E55F8300916833 /* Sources */ = {
			isa = PBXSourcesBuildPhase;
			buildActionMask = 2147483647;
			files = (
				BC57F41E22E55F8300916833 /* RxSwiftDemo_masterTests.swift in Sources */,
			);
			runOnlyForDeploymentPostprocessing = 0;
		};
		BC57F42022E55F8300916833 /* Sources */ = {
			isa = PBXSourcesBuildPhase;
			buildActionMask = 2147483647;
			files = (
				BC57F42922E55F8300916833 /* RxSwiftDemo_masterUITests.swift in Sources */,
			);
			runOnlyForDeploymentPostprocessing = 0;
		};
/* End PBXSourcesBuildPhase section */

/* Begin PBXTargetDependency section */
		BC57F41B22E55F8300916833 /* PBXTargetDependency */ = {
			isa = PBXTargetDependency;
			target = BC57F40422E55F8200916833 /* RxSwiftDemo_master */;
			targetProxy = BC57F41A22E55F8300916833 /* PBXContainerItemProxy */;
		};
		BC57F42622E55F8300916833 /* PBXTargetDependency */ = {
			isa = PBXTargetDependency;
			target = BC57F40422E55F8200916833 /* RxSwiftDemo_master */;
			targetProxy = BC57F42522E55F8300916833 /* PBXContainerItemProxy */;
		};
/* End PBXTargetDependency section */

/* Begin PBXVariantGroup section */
		BC57F40C22E55F8200916833 /* Main.storyboard */ = {
			isa = PBXVariantGroup;
			children = (
				BC57F40D22E55F8200916833 /* Base */,
			);
			name = Main.storyboard;
			sourceTree = "<group>";
		};
		BC57F41122E55F8200916833 /* LaunchScreen.storyboard */ = {
			isa = PBXVariantGroup;
			children = (
				BC57F41222E55F8200916833 /* Base */,
			);
			name = LaunchScreen.storyboard;
			sourceTree = "<group>";
		};
/* End PBXVariantGroup section */

/* Begin XCBuildConfiguration section */
		BC57F42B22E55F8300916833 /* Debug */ = {
			isa = XCBuildConfiguration;
			buildSettings = {
				ALWAYS_SEARCH_USER_PATHS = NO;
				CLANG_ANALYZER_NONNULL = YES;
				CLANG_ANALYZER_NUMBER_OBJECT_CONVERSION = YES_AGGRESSIVE;
				CLANG_CXX_LANGUAGE_STANDARD = "gnu++14";
				CLANG_CXX_LIBRARY = "libc++";
				CLANG_ENABLE_MODULES = YES;
				CLANG_ENABLE_OBJC_ARC = YES;
				CLANG_ENABLE_OBJC_WEAK = YES;
				CLANG_WARN_BLOCK_CAPTURE_AUTORELEASING = YES;
				CLANG_WARN_BOOL_CONVERSION = YES;
				CLANG_WARN_COMMA = YES;
				CLANG_WARN_CONSTANT_CONVERSION = YES;
				CLANG_WARN_DEPRECATED_OBJC_IMPLEMENTATIONS = YES;
				CLANG_WARN_DIRECT_OBJC_ISA_USAGE = YES_ERROR;
				CLANG_WARN_DOCUMENTATION_COMMENTS = YES;
				CLANG_WARN_EMPTY_BODY = YES;
				CLANG_WARN_ENUM_CONVERSION = YES;
				CLANG_WARN_INFINITE_RECURSION = YES;
				CLANG_WARN_INT_CONVERSION = YES;
				CLANG_WARN_NON_LITERAL_NULL_CONVERSION = YES;
				CLANG_WARN_OBJC_IMPLICIT_RETAIN_SELF = YES;
				CLANG_WARN_OBJC_LITERAL_CONVERSION = YES;
				CLANG_WARN_OBJC_ROOT_CLASS = YES_ERROR;
				CLANG_WARN_RANGE_LOOP_ANALYSIS = YES;
				CLANG_WARN_STRICT_PROTOTYPES = YES;
				CLANG_WARN_SUSPICIOUS_MOVE = YES;
				CLANG_WARN_UNGUARDED_AVAILABILITY = YES_AGGRESSIVE;
				CLANG_WARN_UNREACHABLE_CODE = YES;
				CLANG_WARN__DUPLICATE_METHOD_MATCH = YES;
				CODE_SIGN_IDENTITY = "iPhone Developer";
				COPY_PHASE_STRIP = NO;
				DEBUG_INFORMATION_FORMAT = dwarf;
				ENABLE_STRICT_OBJC_MSGSEND = YES;
				ENABLE_TESTABILITY = YES;
				GCC_C_LANGUAGE_STANDARD = gnu11;
				GCC_DYNAMIC_NO_PIC = NO;
				GCC_NO_COMMON_BLOCKS = YES;
				GCC_OPTIMIZATION_LEVEL = 0;
				GCC_PREPROCESSOR_DEFINITIONS = (
					"DEBUG=1",
					"$(inherited)",
				);
				GCC_WARN_64_TO_32_BIT_CONVERSION = YES;
				GCC_WARN_ABOUT_RETURN_TYPE = YES_ERROR;
				GCC_WARN_UNDECLARED_SELECTOR = YES;
				GCC_WARN_UNINITIALIZED_AUTOS = YES_AGGRESSIVE;
				GCC_WARN_UNUSED_FUNCTION = YES;
				GCC_WARN_UNUSED_VARIABLE = YES;
				IPHONEOS_DEPLOYMENT_TARGET = 12.2;
				MTL_ENABLE_DEBUG_INFO = INCLUDE_SOURCE;
				MTL_FAST_MATH = YES;
				ONLY_ACTIVE_ARCH = YES;
				SDKROOT = iphoneos;
				SWIFT_ACTIVE_COMPILATION_CONDITIONS = DEBUG;
				SWIFT_OPTIMIZATION_LEVEL = "-Onone";
			};
			name = Debug;
		};
		BC57F42C22E55F8300916833 /* Release */ = {
			isa = XCBuildConfiguration;
			buildSettings = {
				ALWAYS_SEARCH_USER_PATHS = NO;
				CLANG_ANALYZER_NONNULL = YES;
				CLANG_ANALYZER_NUMBER_OBJECT_CONVERSION = YES_AGGRESSIVE;
				CLANG_CXX_LANGUAGE_STANDARD = "gnu++14";
				CLANG_CXX_LIBRARY = "libc++";
				CLANG_ENABLE_MODULES = YES;
				CLANG_ENABLE_OBJC_ARC = YES;
				CLANG_ENABLE_OBJC_WEAK = YES;
				CLANG_WARN_BLOCK_CAPTURE_AUTORELEASING = YES;
				CLANG_WARN_BOOL_CONVERSION = YES;
				CLANG_WARN_COMMA = YES;
				CLANG_WARN_CONSTANT_CONVERSION = YES;
				CLANG_WARN_DEPRECATED_OBJC_IMPLEMENTATIONS = YES;
				CLANG_WARN_DIRECT_OBJC_ISA_USAGE = YES_ERROR;
				CLANG_WARN_DOCUMENTATION_COMMENTS = YES;
				CLANG_WARN_EMPTY_BODY = YES;
				CLANG_WARN_ENUM_CONVERSION = YES;
				CLANG_WARN_INFINITE_RECURSION = YES;
				CLANG_WARN_INT_CONVERSION = YES;
				CLANG_WARN_NON_LITERAL_NULL_CONVERSION = YES;
				CLANG_WARN_OBJC_IMPLICIT_RETAIN_SELF = YES;
				CLANG_WARN_OBJC_LITERAL_CONVERSION = YES;
				CLANG_WARN_OBJC_ROOT_CLASS = YES_ERROR;
				CLANG_WARN_RANGE_LOOP_ANALYSIS = YES;
				CLANG_WARN_STRICT_PROTOTYPES = YES;
				CLANG_WARN_SUSPICIOUS_MOVE = YES;
				CLANG_WARN_UNGUARDED_AVAILABILITY = YES_AGGRESSIVE;
				CLANG_WARN_UNREACHABLE_CODE = YES;
				CLANG_WARN__DUPLICATE_METHOD_MATCH = YES;
				CODE_SIGN_IDENTITY = "iPhone Developer";
				COPY_PHASE_STRIP = NO;
				DEBUG_INFORMATION_FORMAT = "dwarf-with-dsym";
				ENABLE_NS_ASSERTIONS = NO;
				ENABLE_STRICT_OBJC_MSGSEND = YES;
				GCC_C_LANGUAGE_STANDARD = gnu11;
				GCC_NO_COMMON_BLOCKS = YES;
				GCC_WARN_64_TO_32_BIT_CONVERSION = YES;
				GCC_WARN_ABOUT_RETURN_TYPE = YES_ERROR;
				GCC_WARN_UNDECLARED_SELECTOR = YES;
				GCC_WARN_UNINITIALIZED_AUTOS = YES_AGGRESSIVE;
				GCC_WARN_UNUSED_FUNCTION = YES;
				GCC_WARN_UNUSED_VARIABLE = YES;
				IPHONEOS_DEPLOYMENT_TARGET = 12.2;
				MTL_ENABLE_DEBUG_INFO = NO;
				MTL_FAST_MATH = YES;
				SDKROOT = iphoneos;
				SWIFT_COMPILATION_MODE = wholemodule;
				SWIFT_OPTIMIZATION_LEVEL = "-O";
				VALIDATE_PRODUCT = YES;
			};
			name = Release;
		};
		BC57F42E22E55F8300916833 /* Debug */ = {
			isa = XCBuildConfiguration;
			baseConfigurationReference = 5158BF2620EC0DC2BD4807C1 /* Pods-RxSwiftDemo_master.debug.xcconfig */;
			buildSettings = {
				ASSETCATALOG_COMPILER_APPICON_NAME = AppIcon;
				CODE_SIGN_STYLE = Automatic;
				INFOPLIST_FILE = RxSwiftDemo_master/Info.plist;
				LD_RUNPATH_SEARCH_PATHS = (
					"$(inherited)",
					"@executable_path/Frameworks",
				);
				PRODUCT_BUNDLE_IDENTIFIER = "com.ZMJ.RxSwiftDemo-master";
				PRODUCT_NAME = "$(TARGET_NAME)";
				SWIFT_VERSION = 5.0;
				TARGETED_DEVICE_FAMILY = "1,2";
			};
			name = Debug;
		};
		BC57F42F22E55F8300916833 /* Release */ = {
			isa = XCBuildConfiguration;
			baseConfigurationReference = A248FCC3BF36B7A95274D8C3 /* Pods-RxSwiftDemo_master.release.xcconfig */;
			buildSettings = {
				ASSETCATALOG_COMPILER_APPICON_NAME = AppIcon;
				CODE_SIGN_STYLE = Automatic;
				INFOPLIST_FILE = RxSwiftDemo_master/Info.plist;
				LD_RUNPATH_SEARCH_PATHS = (
					"$(inherited)",
					"@executable_path/Frameworks",
				);
				PRODUCT_BUNDLE_IDENTIFIER = "com.ZMJ.RxSwiftDemo-master";
				PRODUCT_NAME = "$(TARGET_NAME)";
				SWIFT_VERSION = 5.0;
				TARGETED_DEVICE_FAMILY = "1,2";
			};
			name = Release;
		};
		BC57F43122E55F8300916833 /* Debug */ = {
			isa = XCBuildConfiguration;
			baseConfigurationReference = E115FF50B0B76FE21D8AB8BA /* Pods-RxSwiftDemo_masterTests.debug.xcconfig */;
			buildSettings = {
				ALWAYS_EMBED_SWIFT_STANDARD_LIBRARIES = YES;
				BUNDLE_LOADER = "$(TEST_HOST)";
				CODE_SIGN_STYLE = Automatic;
				INFOPLIST_FILE = RxSwiftDemo_masterTests/Info.plist;
				LD_RUNPATH_SEARCH_PATHS = (
					"$(inherited)",
					"@executable_path/Frameworks",
					"@loader_path/Frameworks",
				);
				PRODUCT_BUNDLE_IDENTIFIER = "com.ZMJ.RxSwiftDemo-masterTests";
				PRODUCT_NAME = "$(TARGET_NAME)";
				SWIFT_VERSION = 5.0;
				TARGETED_DEVICE_FAMILY = "1,2";
				TEST_HOST = "$(BUILT_PRODUCTS_DIR)/RxSwiftDemo_master.app/RxSwiftDemo_master";
			};
			name = Debug;
		};
		BC57F43222E55F8300916833 /* Release */ = {
			isa = XCBuildConfiguration;
			baseConfigurationReference = 4AA68CD0B524CAF78CB807C9 /* Pods-RxSwiftDemo_masterTests.release.xcconfig */;
			buildSettings = {
				ALWAYS_EMBED_SWIFT_STANDARD_LIBRARIES = YES;
				BUNDLE_LOADER = "$(TEST_HOST)";
				CODE_SIGN_STYLE = Automatic;
				INFOPLIST_FILE = RxSwiftDemo_masterTests/Info.plist;
				LD_RUNPATH_SEARCH_PATHS = (
					"$(inherited)",
					"@executable_path/Frameworks",
					"@loader_path/Frameworks",
				);
				PRODUCT_BUNDLE_IDENTIFIER = "com.ZMJ.RxSwiftDemo-masterTests";
				PRODUCT_NAME = "$(TARGET_NAME)";
				SWIFT_VERSION = 5.0;
				TARGETED_DEVICE_FAMILY = "1,2";
				TEST_HOST = "$(BUILT_PRODUCTS_DIR)/RxSwiftDemo_master.app/RxSwiftDemo_master";
			};
			name = Release;
		};
		BC57F43422E55F8300916833 /* Debug */ = {
			isa = XCBuildConfiguration;
			baseConfigurationReference = 6D68C5E365952C30D6F1C6A0 /* Pods-RxSwiftDemo_masterUITests.debug.xcconfig */;
			buildSettings = {
				ALWAYS_EMBED_SWIFT_STANDARD_LIBRARIES = YES;
				CODE_SIGN_STYLE = Automatic;
				INFOPLIST_FILE = RxSwiftDemo_masterUITests/Info.plist;
				LD_RUNPATH_SEARCH_PATHS = (
					"$(inherited)",
					"@executable_path/Frameworks",
					"@loader_path/Frameworks",
				);
				PRODUCT_BUNDLE_IDENTIFIER = "com.ZMJ.RxSwiftDemo-masterUITests";
				PRODUCT_NAME = "$(TARGET_NAME)";
				SWIFT_VERSION = 5.0;
				TARGETED_DEVICE_FAMILY = "1,2";
				TEST_TARGET_NAME = RxSwiftDemo_master;
			};
			name = Debug;
		};
		BC57F43522E55F8300916833 /* Release */ = {
			isa = XCBuildConfiguration;
			baseConfigurationReference = 57A9CFF5BB2CBD7C14328329 /* Pods-RxSwiftDemo_masterUITests.release.xcconfig */;
			buildSettings = {
				ALWAYS_EMBED_SWIFT_STANDARD_LIBRARIES = YES;
				CODE_SIGN_STYLE = Automatic;
				INFOPLIST_FILE = RxSwiftDemo_masterUITests/Info.plist;
				LD_RUNPATH_SEARCH_PATHS = (
					"$(inherited)",
					"@executable_path/Frameworks",
					"@loader_path/Frameworks",
				);
				PRODUCT_BUNDLE_IDENTIFIER = "com.ZMJ.RxSwiftDemo-masterUITests";
				PRODUCT_NAME = "$(TARGET_NAME)";
				SWIFT_VERSION = 5.0;
				TARGETED_DEVICE_FAMILY = "1,2";
				TEST_TARGET_NAME = RxSwiftDemo_master;
			};
			name = Release;
		};
/* End XCBuildConfiguration section */

/* Begin XCConfigurationList section */
		BC57F40022E55F8200916833 /* Build configuration list for PBXProject "RxSwiftDemo_master" */ = {
			isa = XCConfigurationList;
			buildConfigurations = (
				BC57F42B22E55F8300916833 /* Debug */,
				BC57F42C22E55F8300916833 /* Release */,
			);
			defaultConfigurationIsVisible = 0;
			defaultConfigurationName = Release;
		};
		BC57F42D22E55F8300916833 /* Build configuration list for PBXNativeTarget "RxSwiftDemo_master" */ = {
			isa = XCConfigurationList;
			buildConfigurations = (
				BC57F42E22E55F8300916833 /* Debug */,
				BC57F42F22E55F8300916833 /* Release */,
			);
			defaultConfigurationIsVisible = 0;
			defaultConfigurationName = Release;
		};
		BC57F43022E55F8300916833 /* Build configuration list for PBXNativeTarget "RxSwiftDemo_masterTests" */ = {
			isa = XCConfigurationList;
			buildConfigurations = (
				BC57F43122E55F8300916833 /* Debug */,
				BC57F43222E55F8300916833 /* Release */,
			);
			defaultConfigurationIsVisible = 0;
			defaultConfigurationName = Release;
		};
		BC57F43322E55F8300916833 /* Build configuration list for PBXNativeTarget "RxSwiftDemo_masterUITests" */ = {
			isa = XCConfigurationList;
			buildConfigurations = (
				BC57F43422E55F8300916833 /* Debug */,
				BC57F43522E55F8300916833 /* Release */,
			);
			defaultConfigurationIsVisible = 0;
			defaultConfigurationName = Release;
		};
/* End XCConfigurationList section */
	};
	rootObject = BC57F3FD22E55F8200916833 /* Project object */;
}
